
Microsoft Visual Studio Solution File, Format Version 12.00
# Visual Studio Version 16
VisualStudioVersion = 16.0.33529.622
MinimumVisualStudioVersion = 10.0.40219.1
Project("{FAE04EC0-301F-11D3-BF4B-00C04F79EFBC}") = "CarInsuranceApprovalProgram", "CarInsuranceApprovalProgram\CarInsuranceApprovalProgram.csproj", "{AB1D1228-DD3D-41D0-9E3F-69713DB0D2B2}"
EndProject
Global
	GlobalSection(SolutionConfigurationPlatforms) = preSolution
		Debug|Any CPU = Debug|Any CPU
		Release|Any CPU = Release|Any CPU
	EndGlobalSection
	GlobalSection(ProjectConfigurationPlatforms) = postSolution
		{AB1D1228-DD3D-41D0-9E3F-69713DB0D2B2}.Debug|Any CPU.ActiveCfg = Debug|Any CPU
		{AB1D1228-DD3D-41D0-9E3F-69713DB0D2B2}.Debug|Any CPU.Build.0 = Debug|Any CPU
		{AB1D1228-DD3D-41D0-9E3F-69713DB0D2B2}.Release|Any CPU.ActiveCfg = Release|Any CPU
		{AB1D1228-DD3D-41D0-9E3F-69713DB0D2B2}.Release|Any CPU.Build.0 = Release|Any CPU
	EndGlobalSection
	GlobalSection(SolutionProperties) = preSolution
		HideSolutionNode = FALSE
	EndGlobalSection
	GlobalSection(ExtensibilityGlobals) = postSolution
		SolutionGuid = {772903EE-134E-4438-BB79-EC89AAF3E7B9}
	EndGlobalSection
EndGlobal
