
Microsoft Visual Studio Solution File, Format Version 12.00
# Visual Studio Version 16
VisualStudioVersion = 16.0.33529.622
MinimumVisualStudioVersion = 10.0.40219.1
Project("{FAE04EC0-301F-11D3-BF4B-00C04F79EFBC}") = "WebApplication2MVC", "WebApplication2MVC\WebApplication2MVC.csproj", "{EBBCCF2F-DBE8-41E2-A467-CB86FE87922E}"
EndProject
Global
	GlobalSection(SolutionConfigurationPlatforms) = preSolution
		Debug|Any CPU = Debug|Any CPU
		Release|Any CPU = Release|Any CPU
	EndGlobalSection
	GlobalSection(ProjectConfigurationPlatforms) = postSolution
		{EBBCCF2F-DBE8-41E2-A467-CB86FE87922E}.Debug|Any CPU.ActiveCfg = Debug|Any CPU
		{EBBCCF2F-DBE8-41E2-A467-CB86FE87922E}.Debug|Any CPU.Build.0 = Debug|Any CPU
		{EBBCCF2F-DBE8-41E2-A467-CB86FE87922E}.Release|Any CPU.ActiveCfg = Release|Any CPU
		{EBBCCF2F-DBE8-41E2-A467-CB86FE87922E}.Release|Any CPU.Build.0 = Release|Any CPU
	EndGlobalSection
	GlobalSection(SolutionProperties) = preSolution
		HideSolutionNode = FALSE
	EndGlobalSection
	GlobalSection(ExtensibilityGlobals) = postSolution
		SolutionGuid = {4E592B45-1F0C-476F-B655-BF16558BB261}
	EndGlobalSection
EndGlobal
