
Microsoft Visual Studio Solution File, Format Version 12.00
# Visual Studio Version 16
VisualStudioVersion = 16.0.33529.622
MinimumVisualStudioVersion = 10.0.40219.1
Project("{FAE04EC0-301F-11D3-BF4B-00C04F79EFBC}") = "OperatorSubmissionAssignment", "OperatorSubmissionAssignment\OperatorSubmissionAssignment.csproj", "{AE64C722-3D55-4B43-9170-6BC2A3C2744E}"
EndProject
Global
	GlobalSection(SolutionConfigurationPlatforms) = preSolution
		Debug|Any CPU = Debug|Any CPU
		Release|Any CPU = Release|Any CPU
	EndGlobalSection
	GlobalSection(ProjectConfigurationPlatforms) = postSolution
		{AE64C722-3D55-4B43-9170-6BC2A3C2744E}.Debug|Any CPU.ActiveCfg = Debug|Any CPU
		{AE64C722-3D55-4B43-9170-6BC2A3C2744E}.Debug|Any CPU.Build.0 = Debug|Any CPU
		{AE64C722-3D55-4B43-9170-6BC2A3C2744E}.Release|Any CPU.ActiveCfg = Release|Any CPU
		{AE64C722-3D55-4B43-9170-6BC2A3C2744E}.Release|Any CPU.Build.0 = Release|Any CPU
	EndGlobalSection
	GlobalSection(SolutionProperties) = preSolution
		HideSolutionNode = FALSE
	EndGlobalSection
	GlobalSection(ExtensibilityGlobals) = postSolution
		SolutionGuid = {879ABFA8-A760-472F-9C30-05EC8A08017C}
	EndGlobalSection
EndGlobal
