
Microsoft Visual Studio Solution File, Format Version 12.00
# Visual Studio Version 16
VisualStudioVersion = 16.0.33529.622
MinimumVisualStudioVersion = 10.0.40219.1
Project("{FAE04EC0-301F-11D3-BF4B-00C04F79EFBC}") = "CarInsurance", "CarInsurance\CarInsurance.csproj", "{37721B03-A1B6-44AB-970E-0D777372B65B}"
EndProject
Global
	GlobalSection(SolutionConfigurationPlatforms) = preSolution
		Debug|Any CPU = Debug|Any CPU
		Release|Any CPU = Release|Any CPU
	EndGlobalSection
	GlobalSection(ProjectConfigurationPlatforms) = postSolution
		{37721B03-A1B6-44AB-970E-0D777372B65B}.Debug|Any CPU.ActiveCfg = Debug|Any CPU
		{37721B03-A1B6-44AB-970E-0D777372B65B}.Debug|Any CPU.Build.0 = Debug|Any CPU
		{37721B03-A1B6-44AB-970E-0D777372B65B}.Release|Any CPU.ActiveCfg = Release|Any CPU
		{37721B03-A1B6-44AB-970E-0D777372B65B}.Release|Any CPU.Build.0 = Release|Any CPU
	EndGlobalSection
	GlobalSection(SolutionProperties) = preSolution
		HideSolutionNode = FALSE
	EndGlobalSection
	GlobalSection(ExtensibilityGlobals) = postSolution
		SolutionGuid = {DE2107F1-331E-4C60-8310-3F19A79868B2}
	EndGlobalSection
EndGlobal
