
Microsoft Visual Studio Solution File, Format Version 12.00
# Visual Studio Version 16
VisualStudioVersion = 16.0.33529.622
MinimumVisualStudioVersion = 10.0.40219.1
Project("{FAE04EC0-301F-11D3-BF4B-00C04F79EFBC}") = "NewsLetterAppMVC", "NewsLetterAppMVC\NewsLetterAppMVC.csproj", "{0D24B2F6-5B32-49A6-AD28-C5F5E1DC84C0}"
EndProject
Global
	GlobalSection(SolutionConfigurationPlatforms) = preSolution
		Debug|Any CPU = Debug|Any CPU
		Release|Any CPU = Release|Any CPU
	EndGlobalSection
	GlobalSection(ProjectConfigurationPlatforms) = postSolution
		{0D24B2F6-5B32-49A6-AD28-C5F5E1DC84C0}.Debug|Any CPU.ActiveCfg = Debug|Any CPU
		{0D24B2F6-5B32-49A6-AD28-C5F5E1DC84C0}.Debug|Any CPU.Build.0 = Debug|Any CPU
		{0D24B2F6-5B32-49A6-AD28-C5F5E1DC84C0}.Release|Any CPU.ActiveCfg = Release|Any CPU
		{0D24B2F6-5B32-49A6-AD28-C5F5E1DC84C0}.Release|Any CPU.Build.0 = Release|Any CPU
	EndGlobalSection
	GlobalSection(SolutionProperties) = preSolution
		HideSolutionNode = FALSE
	EndGlobalSection
	GlobalSection(ExtensibilityGlobals) = postSolution
		SolutionGuid = {8BAAC6B2-E2D6-48B6-9804-22AC8A636181}
	EndGlobalSection
EndGlobal
