
Microsoft Visual Studio Solution File, Format Version 12.00
# Visual Studio Version 16
VisualStudioVersion = 16.0.33529.622
MinimumVisualStudioVersion = 10.0.40219.1
Project("{FAE04EC0-301F-11D3-BF4B-00C04F79EFBC}") = "CallingMethodsAssignment", "CallingMethodsAssignment\CallingMethodsAssignment.csproj", "{1EA9CAD2-29DB-46CD-A78E-ED5D19840EFC}"
EndProject
Global
	GlobalSection(SolutionConfigurationPlatforms) = preSolution
		Debug|Any CPU = Debug|Any CPU
		Release|Any CPU = Release|Any CPU
	EndGlobalSection
	GlobalSection(ProjectConfigurationPlatforms) = postSolution
		{1EA9CAD2-29DB-46CD-A78E-ED5D19840EFC}.Debug|Any CPU.ActiveCfg = Debug|Any CPU
		{1EA9CAD2-29DB-46CD-A78E-ED5D19840EFC}.Debug|Any CPU.Build.0 = Debug|Any CPU
		{1EA9CAD2-29DB-46CD-A78E-ED5D19840EFC}.Release|Any CPU.ActiveCfg = Release|Any CPU
		{1EA9CAD2-29DB-46CD-A78E-ED5D19840EFC}.Release|Any CPU.Build.0 = Release|Any CPU
	EndGlobalSection
	GlobalSection(SolutionProperties) = preSolution
		HideSolutionNode = FALSE
	EndGlobalSection
	GlobalSection(ExtensibilityGlobals) = postSolution
		SolutionGuid = {47F6660A-1943-44A8-A7E0-74B07DC0EE63}
	EndGlobalSection
EndGlobal
