
Microsoft Visual Studio Solution File, Format Version 12.00
# Visual Studio Version 16
VisualStudioVersion = 16.0.33529.622
MinimumVisualStudioVersion = 10.0.40219.1
Project("{FAE04EC0-301F-11D3-BF4B-00C04F79EFBC}") = "StringFunctionsExamples", "StringFunctionsExamples\StringFunctionsExamples.csproj", "{DC800927-1675-4DB4-BF3F-8C03B1C6CF1A}"
EndProject
Global
	GlobalSection(SolutionConfigurationPlatforms) = preSolution
		Debug|Any CPU = Debug|Any CPU
		Release|Any CPU = Release|Any CPU
	EndGlobalSection
	GlobalSection(ProjectConfigurationPlatforms) = postSolution
		{DC800927-1675-4DB4-BF3F-8C03B1C6CF1A}.Debug|Any CPU.ActiveCfg = Debug|Any CPU
		{DC800927-1675-4DB4-BF3F-8C03B1C6CF1A}.Debug|Any CPU.Build.0 = Debug|Any CPU
		{DC800927-1675-4DB4-BF3F-8C03B1C6CF1A}.Release|Any CPU.ActiveCfg = Release|Any CPU
		{DC800927-1675-4DB4-BF3F-8C03B1C6CF1A}.Release|Any CPU.Build.0 = Release|Any CPU
	EndGlobalSection
	GlobalSection(SolutionProperties) = preSolution
		HideSolutionNode = FALSE
	EndGlobalSection
	GlobalSection(ExtensibilityGlobals) = postSolution
		SolutionGuid = {9C4E3BBB-C74F-422C-AD41-893584277ACC}
	EndGlobalSection
EndGlobal
