
Microsoft Visual Studio Solution File, Format Version 12.00
# Visual Studio Version 16
VisualStudioVersion = 16.0.33529.622
MinimumVisualStudioVersion = 10.0.40219.1
Project("{FAE04EC0-301F-11D3-BF4B-00C04F79EFBC}") = "TechAcadStudentsMVC", "TechAcadStudentsMVC\TechAcadStudentsMVC.csproj", "{8319EF0F-E7EF-4D3F-8F4D-3FEC3C687C67}"
EndProject
Global
	GlobalSection(SolutionConfigurationPlatforms) = preSolution
		Debug|Any CPU = Debug|Any CPU
		Release|Any CPU = Release|Any CPU
	EndGlobalSection
	GlobalSection(ProjectConfigurationPlatforms) = postSolution
		{8319EF0F-E7EF-4D3F-8F4D-3FEC3C687C67}.Debug|Any CPU.ActiveCfg = Debug|Any CPU
		{8319EF0F-E7EF-4D3F-8F4D-3FEC3C687C67}.Debug|Any CPU.Build.0 = Debug|Any CPU
		{8319EF0F-E7EF-4D3F-8F4D-3FEC3C687C67}.Release|Any CPU.ActiveCfg = Release|Any CPU
		{8319EF0F-E7EF-4D3F-8F4D-3FEC3C687C67}.Release|Any CPU.Build.0 = Release|Any CPU
	EndGlobalSection
	GlobalSection(SolutionProperties) = preSolution
		HideSolutionNode = FALSE
	EndGlobalSection
	GlobalSection(ExtensibilityGlobals) = postSolution
		SolutionGuid = {9899E97A-4C8E-4066-8DB0-E48FE6C834BB}
	EndGlobalSection
EndGlobal
