
Microsoft Visual Studio Solution File, Format Version 12.00
# Visual Studio Version 16
VisualStudioVersion = 16.0.33529.622
MinimumVisualStudioVersion = 10.0.40219.1
Project("{FAE04EC0-301F-11D3-BF4B-00C04F79EFBC}") = "MethodAndObjectsAssignment", "MethodAndObjectsAssignment\MethodAndObjectsAssignment.csproj", "{D93E4FAE-3768-4204-B893-9D951CEC69EE}"
EndProject
Global
	GlobalSection(SolutionConfigurationPlatforms) = preSolution
		Debug|Any CPU = Debug|Any CPU
		Release|Any CPU = Release|Any CPU
	EndGlobalSection
	GlobalSection(ProjectConfigurationPlatforms) = postSolution
		{D93E4FAE-3768-4204-B893-9D951CEC69EE}.Debug|Any CPU.ActiveCfg = Debug|Any CPU
		{D93E4FAE-3768-4204-B893-9D951CEC69EE}.Debug|Any CPU.Build.0 = Debug|Any CPU
		{D93E4FAE-3768-4204-B893-9D951CEC69EE}.Release|Any CPU.ActiveCfg = Release|Any CPU
		{D93E4FAE-3768-4204-B893-9D951CEC69EE}.Release|Any CPU.Build.0 = Release|Any CPU
	EndGlobalSection
	GlobalSection(SolutionProperties) = preSolution
		HideSolutionNode = FALSE
	EndGlobalSection
	GlobalSection(ExtensibilityGlobals) = postSolution
		SolutionGuid = {8FF7F87A-555C-4BDF-A84D-8B7DF9FB191F}
	EndGlobalSection
EndGlobal
